# THIS IS AN AUTOGENERATED FILE. DO NOT EDIT THIS FILE DIRECTLY.
# yarn lockfile v1


as-buffer@1.6.0:
  version "1.6.0"
  resolved "https://registry.yarnpkg.com/as-buffer/-/as-buffer-1.6.0.tgz#4dbc36da12d0ce988c4015350b193462438c905c"
  dependencies:
    es6-promise "^4.1.1"

es6-promise@^4.0.3, es6-promise@^4.1.1:
  version "4.2.5"
  resolved "https://registry.yarnpkg.com/es6-promise/-/es6-promise-4.2.5.tgz#da6d0d5692efb461e082c14817fe2427d8f5d054"

es6-promisify@5.0.0:
  version "5.0.0"
  resolved "http://registry.npmjs.org/es6-promisify/-/es6-promisify-5.0.0.tgz#5109d62f3e56ea967c4b63505aef08291c8a5203"
  dependencies:
    es6-promise "^4.0.3"

oauth@^0.9.15:
  version "0.9.15"
  resolved "https://registry.yarnpkg.com/oauth/-/oauth-0.9.15.tgz#bd1fefaf686c96b75475aed5196412ff60cfb9c1"

querystring@^0.2.0:
  version "0.2.0"
  resolved "https://registry.yarnpkg.com/querystring/-/querystring-0.2.0.tgz#b209849203bb25df820da756e747005878521620"

ramda@^0.25.0:
  version "0.25.0"
  resolved "https://registry.yarnpkg.com/ramda/-/ramda-0.25.0.tgz#8fdf68231cffa90bc2f9460390a0cb74a29b29a9"

splitwise@1.0.0:
  version "1.0.0"
  resolved "https://registry.yarnpkg.com/splitwise/-/splitwise-1.0.0.tgz#33957ea277a0fdd0db04ad85cc70d849e8b80a7e"
  dependencies:
    es6-promisify "5.0.0"
    oauth "^0.9.15"
    querystring "^0.2.0"
    ramda "^0.25.0"
    validate.js "0.12.0"

validate.js@0.12.0:
  version "0.12.0"
  resolved "https://registry.yarnpkg.com/validate.js/-/validate.js-0.12.0.tgz#17f989e37c192ea2f826bbf19bf4e97e6e4be68f"
